// !$*UTF8*$!
{
	archiveVersion = 1;
	classes = {
	};
	objectVersion = 55;
	objects = {

/* Begin PBXBuildFile section */
		0450E95B29DA712F00613D54 /* UserCollectionViewCell.swift in Sources */ = {isa = PBXBuildFile; fileRef = 0450E95929DA712F00613D54 /* UserCollectionViewCell.swift */; };
		0450E95C29DA712F00613D54 /* UserCollectionViewCell.xib in Resources */ = {isa = PBXBuildFile; fileRef = 0450E95A29DA712F00613D54 /* UserCollectionViewCell.xib */; };
		0450E95E29DA807900613D54 /* DetailViewController.swift in Sources */ = {isa = PBXBuildFile; fileRef = 0450E95D29DA807900613D54 /* DetailViewController.swift */; };
		047E82AF1E8FE5DE0089D1C4 /* AppDelegate.swift in Sources */ = {isa = PBXBuildFile; fileRef = 047E82AE1E8FE5DE0089D1C4 /* AppDelegate.swift */; };
		047E82B11E8FE5DE0089D1C4 /* SceneDelegate.swift in Sources */ = {isa = PBXBuildFile; fileRef = 047E82B01E8FE5DE0089D1C4 /* SceneDelegate.swift */; };
		047E82B31E8FE5DE0089D1C4 /* ViewController.swift in Sources */ = {isa = PBXBuildFile; fileRef = 047E82B21E8FE5DE0089D1C4 /* ViewController.swift */; };
		047E82B61E8FE5DE0089D1C4 /* Main.storyboard in Resources */ = {isa = PBXBuildFile; fileRef = 047E82B41E8FE5DE0089D1C4 /* Main.storyboard */; };
		047E82B81E8FE5DF0089D1C4 /* Assets.xcassets in Resources */ = {isa = PBXBuildFile; fileRef = 047E82B71E8FE5DF0089D1C4 /* Assets.xcassets */; };
		047E82BB1E8FE5DF0089D1C4 /* LaunchScreen.storyboard in Resources */ = {isa = PBXBuildFile; fileRef = 047E82B91E8FE5DF0089D1C4 /* LaunchScreen.storyboard */; };
		047E82C31E8FE6FD0089D1C4 /* UserData.swift in Sources */ = {isa = PBXBuildFile; fileRef = 047E82C21E8FE6FD0089D1C4 /* UserData.swift */; };
/* End PBXBuildFile section */

/* Begin PBXFileReference section */
		0450E95929DA712F00613D54 /* UserCollectionViewCell.swift */ = {isa = PBXFileReference; lastKnownFileType = sourcecode.swift; path = UserCollectionViewCell.swift; sourceTree = "<group>"; };
		0450E95A29DA712F00613D54 /* UserCollectionViewCell.xib */ = {isa = PBXFileReference; lastKnownFileType = file.xib; path = UserCollectionViewCell.xib; sourceTree = "<group>"; };
		0450E95D29DA807900613D54 /* DetailViewController.swift */ = {isa = PBXFileReference; lastKnownFileType = sourcecode.swift; path = DetailViewController.swift; sourceTree = "<group>"; };
		047E82AB1E8FE5DE0089D1C4 /* JsonPlaceholderUsersApi.app */ = {isa = PBXFileReference; explicitFileType = wrapper.application; includeInIndex = 0; path = JsonPlaceholderUsersApi.app; sourceTree = BUILT_PRODUCTS_DIR; };
		047E82AE1E8FE5DE0089D1C4 /* AppDelegate.swift */ = {isa = PBXFileReference; lastKnownFileType = sourcecode.swift; path = AppDelegate.swift; sourceTree = "<group>"; };
		047E82B01E8FE5DE0089D1C4 /* SceneDelegate.swift */ = {isa = PBXFileReference; lastKnownFileType = sourcecode.swift; path = SceneDelegate.swift; sourceTree = "<group>"; };
		047E82B21E8FE5DE0089D1C4 /* ViewController.swift */ = {isa = PBXFileReference; lastKnownFileType = sourcecode.swift; path = ViewController.swift; sourceTree = "<group>"; };
		047E82B51E8FE5DE0089D1C4 /* Base */ = {isa = PBXFileReference; lastKnownFileType = file.storyboard; name = Base; path = Base.lproj/Main.storyboard; sourceTree = "<group>"; };
		047E82B71E8FE5DF0089D1C4 /* Assets.xcassets */ = {isa = PBXFileReference; lastKnownFileType = folder.assetcatalog; path = Assets.xcassets; sourceTree = "<group>"; };
		047E82BA1E8FE5DF0089D1C4 /* Base */ = {isa = PBXFileReference; lastKnownFileType = file.storyboard; name = Base; path = Base.lproj/LaunchScreen.storyboard; sourceTree = "<group>"; };
		047E82BC1E8FE5DF0089D1C4 /* Info.plist */ = {isa = PBXFileReference; lastKnownFileType = text.plist.xml; path = Info.plist; sourceTree = "<group>"; };
		047E82C21E8FE6FD0089D1C4 /* UserData.swift */ = {isa = PBXFileReference; lastKnownFileType = sourcecode.swift; path = UserData.swift; sourceTree = "<group>"; };
/* End PBXFileReference section */

/* Begin PBXFrameworksBuildPhase section */
		047E82A81E8FE5DE0089D1C4 /* Frameworks */ = {
			isa = PBXFrameworksBuildPhase;
			buildActionMask = 2147483647;
			files = (
			);
			runOnlyForDeploymentPostprocessing = 0;
		};
/* End PBXFrameworksBuildPhase section */

/* Begin PBXGroup section */
		047E82A21E8FE5DE0089D1C4 = {
			isa = PBXGroup;
			children = (
				047E82AD1E8FE5DE0089D1C4 /* JsonPlaceholderUsersApi */,
				047E82AC1E8FE5DE0089D1C4 /* Products */,
			);
			sourceTree = "<group>";
		};
		047E82AC1E8FE5DE0089D1C4 /* Products */ = {
			isa = PBXGroup;
			children = (
				047E82AB1E8FE5DE0089D1C4 /* JsonPlaceholderUsersApi.app */,
			);
			name = Products;
			sourceTree = "<group>";
		};
		047E82AD1E8FE5DE0089D1C4 /* JsonPlaceholderUsersApi */ = {
			isa = PBXGroup;
			children = (
				047E82AE1E8FE5DE0089D1C4 /* AppDelegate.swift */,
				047E82B01E8FE5DE0089D1C4 /* SceneDelegate.swift */,
				047E82B21E8FE5DE0089D1C4 /* ViewController.swift */,
				047E82B41E8FE5DE0089D1C4 /* Main.storyboard */,
				047E82B71E8FE5DF0089D1C4 /* Assets.xcassets */,
				047E82B91E8FE5DF0089D1C4 /* LaunchScreen.storyboard */,
				047E82BC1E8FE5DF0089D1C4 /* Info.plist */,
				047E82C21E8FE6FD0089D1C4 /* UserData.swift */,
				0450E95929DA712F00613D54 /* UserCollectionViewCell.swift */,
				0450E95A29DA712F00613D54 /* UserCollectionViewCell.xib */,
				0450E95D29DA807900613D54 /* DetailViewController.swift */,
			);
			path = JsonPlaceholderUsersApi;
			sourceTree = "<group>";
		};
/* End PBXGroup section */

/* Begin PBXNativeTarget section */
		047E82AA1E8FE5DE0089D1C4 /* JsonPlaceholderUsersApi */ = {
			isa = PBXNativeTarget;
			buildConfigurationList = 047E82BF1E8FE5DF0089D1C4 /* Build configuration list for PBXNativeTarget "JsonPlaceholderUsersApi" */;
			buildPhases = (
				047E82A71E8FE5DE0089D1C4 /* Sources */,
				047E82A81E8FE5DE0089D1C4 /* Frameworks */,
				047E82A91E8FE5DE0089D1C4 /* Resources */,
			);
			buildRules = (
			);
			dependencies = (
			);
			name = JsonPlaceholderUsersApi;
			productName = JsonPlaceholderUsersApi;
			productReference = 047E82AB1E8FE5DE0089D1C4 /* JsonPlaceholderUsersApi.app */;
			productType = "com.apple.product-type.application";
		};
/* End PBXNativeTarget section */

/* Begin PBXProject section */
		047E82A31E8FE5DE0089D1C4 /* Project object */ = {
			isa = PBXProject;
			attributes = {
				BuildIndependentTargetsInParallel = 1;
				LastSwiftUpdateCheck = 1340;
				LastUpgradeCheck = 1340;
				TargetAttributes = {
					047E82AA1E8FE5DE0089D1C4 = {
						CreatedOnToolsVersion = 13.4.1;
					};
				};
			};
			buildConfigurationList = 047E82A61E8FE5DE0089D1C4 /* Build configuration list for PBXProject "JsonPlaceholderUsersApi" */;
			compatibilityVersion = "Xcode 13.0";
			developmentRegion = en;
			hasScannedForEncodings = 0;
			knownRegions = (
				en,
				Base,
			);
			mainGroup = 047E82A21E8FE5DE0089D1C4;
			productRefGroup = 047E82AC1E8FE5DE0089D1C4 /* Products */;
			projectDirPath = "";
			projectRoot = "";
			targets = (
				047E82AA1E8FE5DE0089D1C4 /* JsonPlaceholderUsersApi */,
			);
		};
/* End PBXProject section */

/* Begin PBXResourcesBuildPhase section */
		047E82A91E8FE5DE0089D1C4 /* Resources */ = {
			isa = PBXResourcesBuildPhase;
			buildActionMask = 2147483647;
			files = (
				047E82BB1E8FE5DF0089D1C4 /* LaunchScreen.storyboard in Resources */,
				0450E95C29DA712F00613D54 /* UserCollectionViewCell.xib in Resources */,
				047E82B81E8FE5DF0089D1C4 /* Assets.xcassets in Resources */,
				047E82B61E8FE5DE0089D1C4 /* Main.storyboard in Resources */,
			);
			runOnlyForDeploymentPostprocessing = 0;
		};
/* End PBXResourcesBuildPhase section */

/* Begin PBXSourcesBuildPhase section */
		047E82A71E8FE5DE0089D1C4 /* Sources */ = {
			isa = PBXSourcesBuildPhase;
			buildActionMask = 2147483647;
			files = (
				047E82B31E8FE5DE0089D1C4 /* ViewController.swift in Sources */,
				047E82AF1E8FE5DE0089D1C4 /* AppDelegate.swift in Sources */,
				047E82C31E8FE6FD0089D1C4 /* UserData.swift in Sources */,
				0450E95E29DA807900613D54 /* DetailViewController.swift in Sources */,
				047E82B11E8FE5DE0089D1C4 /* SceneDelegate.swift in Sources */,
				0450E95B29DA712F00613D54 /* UserCollectionViewCell.swift in Sources */,
			);
			runOnlyForDeploymentPostprocessing = 0;
		};
/* End PBXSourcesBuildPhase section */

/* Begin PBXVariantGroup section */
		047E82B41E8FE5DE0089D1C4 /* Main.storyboard */ = {
			isa = PBXVariantGroup;
			children = (
				047E82B51E8FE5DE0089D1C4 /* Base */,
			);
			name = Main.storyboard;
			sourceTree = "<group>";
		};
		047E82B91E8FE5DF0089D1C4 /* LaunchScreen.storyboard */ = {
			isa = PBXVariantGroup;
			children = (
				047E82BA1E8FE5DF0089D1C4 /* Base */,
			);
			name = LaunchScreen.storyboard;
			sourceTree = "<group>";
		};
/* End PBXVariantGroup section */

/* Begin XCBuildConfiguration section */
		047E82BD1E8FE5DF0089D1C4 /* Debug */ = {
			isa = XCBuildConfiguration;
			buildSettings = {
				ALWAYS_SEARCH_USER_PATHS = NO;
				CLANG_ANALYZER_NONNULL = YES;
				CLANG_ANALYZER_NUMBER_OBJECT_CONVERSION = YES_AGGRESSIVE;
				CLANG_CXX_LANGUAGE_STANDARD = "gnu++17";
				CLANG_ENABLE_MODULES = YES;
				CLANG_ENABLE_OBJC_ARC = YES;
				CLANG_ENABLE_OBJC_WEAK = YES;
				CLANG_WARN_BLOCK_CAPTURE_AUTORELEASING = YES;
				CLANG_WARN_BOOL_CONVERSION = YES;
				CLANG_WARN_COMMA = YES;
				CLANG_WARN_CONSTANT_CONVERSION = YES;
				CLANG_WARN_DEPRECATED_OBJC_IMPLEMENTATIONS = YES;
				CLANG_WARN_DIRECT_OBJC_ISA_USAGE = YES_ERROR;
				CLANG_WARN_DOCUMENTATION_COMMENTS = YES;
				CLANG_WARN_EMPTY_BODY = YES;
				CLANG_WARN_ENUM_CONVERSION = YES;
				CLANG_WARN_INFINITE_RECURSION = YES;
				CLANG_WARN_INT_CONVERSION = YES;
				CLANG_WARN_NON_LITERAL_NULL_CONVERSION = YES;
				CLANG_WARN_OBJC_IMPLICIT_RETAIN_SELF = YES;
				CLANG_WARN_OBJC_LITERAL_CONVERSION = YES;
				CLANG_WARN_OBJC_ROOT_CLASS = YES_ERROR;
				CLANG_WARN_QUOTED_INCLUDE_IN_FRAMEWORK_HEADER = YES;
				CLANG_WARN_RANGE_LOOP_ANALYSIS = YES;
				CLANG_WARN_STRICT_PROTOTYPES = YES;
				CLANG_WARN_SUSPICIOUS_MOVE = YES;
				CLANG_WARN_UNGUARDED_AVAILABILITY = YES_AGGRESSIVE;
				CLANG_WARN_UNREACHABLE_CODE = YES;
				CLANG_WARN__DUPLICATE_METHOD_MATCH = YES;
				COPY_PHASE_STRIP = NO;
				DEBUG_INFORMATION_FORMAT = dwarf;
				ENABLE_STRICT_OBJC_MSGSEND = YES;
				ENABLE_TESTABILITY = YES;
				GCC_C_LANGUAGE_STANDARD = gnu11;
				GCC_DYNAMIC_NO_PIC = NO;
				GCC_NO_COMMON_BLOCKS = YES;
				GCC_OPTIMIZATION_LEVEL = 0;
				GCC_PREPROCESSOR_DEFINITIONS = (
					"DEBUG=1",
					"$(inherited)",
				);
				GCC_WARN_64_TO_32_BIT_CONVERSION = YES;
				GCC_WARN_ABOUT_RETURN_TYPE = YES_ERROR;
				GCC_WARN_UNDECLARED_SELECTOR = YES;
				GCC_WARN_UNINITIALIZED_AUTOS = YES_AGGRESSIVE;
				GCC_WARN_UNUSED_FUNCTION = YES;
				GCC_WARN_UNUSED_VARIABLE = YES;
				IPHONEOS_DEPLOYMENT_TARGET = 15.5;
				MTL_ENABLE_DEBUG_INFO = INCLUDE_SOURCE;
				MTL_FAST_MATH = YES;
				ONLY_ACTIVE_ARCH = YES;
				SDKROOT = iphoneos;
				SWIFT_ACTIVE_COMPILATION_CONDITIONS = DEBUG;
				SWIFT_OPTIMIZATION_LEVEL = "-Onone";
			};
			name = Debug;
		};
		047E82BE1E8FE5DF0089D1C4 /* Release */ = {
			isa = XCBuildConfiguration;
			buildSettings = {
				ALWAYS_SEARCH_USER_PATHS = NO;
				CLANG_ANALYZER_NONNULL = YES;
				CLANG_ANALYZER_NUMBER_OBJECT_CONVERSION = YES_AGGRESSIVE;
				CLANG_CXX_LANGUAGE_STANDARD = "gnu++17";
				CLANG_ENABLE_MODULES = YES;
				CLANG_ENABLE_OBJC_ARC = YES;
				CLANG_ENABLE_OBJC_WEAK = YES;
				CLANG_WARN_BLOCK_CAPTURE_AUTORELEASING = YES;
				CLANG_WARN_BOOL_CONVERSION = YES;
				CLANG_WARN_COMMA = YES;
				CLANG_WARN_CONSTANT_CONVERSION = YES;
				CLANG_WARN_DEPRECATED_OBJC_IMPLEMENTATIONS = YES;
				CLANG_WARN_DIRECT_OBJC_ISA_USAGE = YES_ERROR;
				CLANG_WARN_DOCUMENTATION_COMMENTS = YES;
				CLANG_WARN_EMPTY_BODY = YES;
				CLANG_WARN_ENUM_CONVERSION = YES;
				CLANG_WARN_INFINITE_RECURSION = YES;
				CLANG_WARN_INT_CONVERSION = YES;
				CLANG_WARN_NON_LITERAL_NULL_CONVERSION = YES;
				CLANG_WARN_OBJC_IMPLICIT_RETAIN_SELF = YES;
				CLANG_WARN_OBJC_LITERAL_CONVERSION = YES;
				CLANG_WARN_OBJC_ROOT_CLASS = YES_ERROR;
				CLANG_WARN_QUOTED_INCLUDE_IN_FRAMEWORK_HEADER = YES;
				CLANG_WARN_RANGE_LOOP_ANALYSIS = YES;
				CLANG_WARN_STRICT_PROTOTYPES = YES;
				CLANG_WARN_SUSPICIOUS_MOVE = YES;
				CLANG_WARN_UNGUARDED_AVAILABILITY = YES_AGGRESSIVE;
				CLANG_WARN_UNREACHABLE_CODE = YES;
				CLANG_WARN__DUPLICATE_METHOD_MATCH = YES;
				COPY_PHASE_STRIP = NO;
				DEBUG_INFORMATION_FORMAT = "dwarf-with-dsym";
				ENABLE_NS_ASSERTIONS = NO;
				ENABLE_STRICT_OBJC_MSGSEND = YES;
				GCC_C_LANGUAGE_STANDARD = gnu11;
				GCC_NO_COMMON_BLOCKS = YES;
				GCC_WARN_64_TO_32_BIT_CONVERSION = YES;
				GCC_WARN_ABOUT_RETURN_TYPE = YES_ERROR;
				GCC_WARN_UNDECLARED_SELECTOR = YES;
				GCC_WARN_UNINITIALIZED_AUTOS = YES_AGGRESSIVE;
				GCC_WARN_UNUSED_FUNCTION = YES;
				GCC_WARN_UNUSED_VARIABLE = YES;
				IPHONEOS_DEPLOYMENT_TARGET = 15.5;
				MTL_ENABLE_DEBUG_INFO = NO;
				MTL_FAST_MATH = YES;
				SDKROOT = iphoneos;
				SWIFT_COMPILATION_MODE = wholemodule;
				SWIFT_OPTIMIZATION_LEVEL = "-O";
				VALIDATE_PRODUCT = YES;
			};
			name = Release;
		};
		047E82C01E8FE5DF0089D1C4 /* Debug */ = {
			isa = XCBuildConfiguration;
			buildSettings = {
				ASSETCATALOG_COMPILER_APPICON_NAME = AppIcon;
				ASSETCATALOG_COMPILER_GLOBAL_ACCENT_COLOR_NAME = AccentColor;
				CODE_SIGN_STYLE = Automatic;
				CURRENT_PROJECT_VERSION = 1;
				GENERATE_INFOPLIST_FILE = YES;
				INFOPLIST_FILE = JsonPlaceholderUsersApi/Info.plist;
				INFOPLIST_KEY_UIApplicationSupportsIndirectInputEvents = YES;
				INFOPLIST_KEY_UILaunchStoryboardName = LaunchScreen;
				INFOPLIST_KEY_UIMainStoryboardFile = Main;
				INFOPLIST_KEY_UISupportedInterfaceOrientations_iPad = "UIInterfaceOrientationPortrait UIInterfaceOrientationPortraitUpsideDown UIInterfaceOrientationLandscapeLeft UIInterfaceOrientationLandscapeRight";
				INFOPLIST_KEY_UISupportedInterfaceOrientations_iPhone = "UIInterfaceOrientationPortrait UIInterfaceOrientationLandscapeLeft UIInterfaceOrientationLandscapeRight";
				LD_RUNPATH_SEARCH_PATHS = (
					"$(inherited)",
					"@executable_path/Frameworks",
				);
				MARKETING_VERSION = 1.0;
				PRODUCT_BUNDLE_IDENTIFIER = demo.JsonPlaceholderUsersApi;
				PRODUCT_NAME = "$(TARGET_NAME)";
				SWIFT_EMIT_LOC_STRINGS = YES;
				SWIFT_VERSION = 5.0;
				TARGETED_DEVICE_FAMILY = "1,2";
			};
			name = Debug;
		};
		047E82C11E8FE5DF0089D1C4 /* Release */ = {
			isa = XCBuildConfiguration;
			buildSettings = {
				ASSETCATALOG_COMPILER_APPICON_NAME = AppIcon;
				ASSETCATALOG_COMPILER_GLOBAL_ACCENT_COLOR_NAME = AccentColor;
				CODE_SIGN_STYLE = Automatic;
				CURRENT_PROJECT_VERSION = 1;
				GENERATE_INFOPLIST_FILE = YES;
				INFOPLIST_FILE = JsonPlaceholderUsersApi/Info.plist;
				INFOPLIST_KEY_UIApplicationSupportsIndirectInputEvents = YES;
				INFOPLIST_KEY_UILaunchStoryboardName = LaunchScreen;
				INFOPLIST_KEY_UIMainStoryboardFile = Main;
				INFOPLIST_KEY_UISupportedInterfaceOrientations_iPad = "UIInterfaceOrientationPortrait UIInterfaceOrientationPortraitUpsideDown UIInterfaceOrientationLandscapeLeft UIInterfaceOrientationLandscapeRight";
				INFOPLIST_KEY_UISupportedInterfaceOrientations_iPhone = "UIInterfaceOrientationPortrait UIInterfaceOrientationLandscapeLeft UIInterfaceOrientationLandscapeRight";
				LD_RUNPATH_SEARCH_PATHS = (
					"$(inherited)",
					"@executable_path/Frameworks",
				);
				MARKETING_VERSION = 1.0;
				PRODUCT_BUNDLE_IDENTIFIER = demo.JsonPlaceholderUsersApi;
				PRODUCT_NAME = "$(TARGET_NAME)";
				SWIFT_EMIT_LOC_STRINGS = YES;
				SWIFT_VERSION = 5.0;
				TARGETED_DEVICE_FAMILY = "1,2";
			};
			name = Release;
		};
/* End XCBuildConfiguration section */

/* Begin XCConfigurationList section */
		047E82A61E8FE5DE0089D1C4 /* Build configuration list for PBXProject "JsonPlaceholderUsersApi" */ = {
			isa = XCConfigurationList;
			buildConfigurations = (
				047E82BD1E8FE5DF0089D1C4 /* Debug */,
				047E82BE1E8FE5DF0089D1C4 /* Release */,
			);
			defaultConfigurationIsVisible = 0;
			defaultConfigurationName = Release;
		};
		047E82BF1E8FE5DF0089D1C4 /* Build configuration list for PBXNativeTarget "JsonPlaceholderUsersApi" */ = {
			isa = XCConfigurationList;
			buildConfigurations = (
				047E82C01E8FE5DF0089D1C4 /* Debug */,
				047E82C11E8FE5DF0089D1C4 /* Release */,
			);
			defaultConfigurationIsVisible = 0;
			defaultConfigurationName = Release;
		};
/* End XCConfigurationList section */
	};
	rootObject = 047E82A31E8FE5DE0089D1C4 /* Project object */;
}
